
Microsoft Visual Studio Solution File, Format Version 12.00
# Visual Studio Version 17
VisualStudioVersion = 17.3.32825.248
MinimumVisualStudioVersion = 10.0.40219.1
Project("{FAE04EC0-301F-11D3-BF4B-00C04F79EFBC}") = "lab 14", "lab 14\lab 14.csproj", "{F9FB7A35-560A-441B-80CE-F467D73460AA}"
EndProject
Global
	GlobalSection(SolutionConfigurationPlatforms) = preSolution
		Debug|Any CPU = Debug|Any CPU
		Release|Any CPU = Release|Any CPU
	EndGlobalSection
	GlobalSection(ProjectConfigurationPlatforms) = postSolution
		{F9FB7A35-560A-441B-80CE-F467D73460AA}.Debug|Any CPU.ActiveCfg = Debug|Any CPU
		{F9FB7A35-560A-441B-80CE-F467D73460AA}.Debug|Any CPU.Build.0 = Debug|Any CPU
		{F9FB7A35-560A-441B-80CE-F467D73460AA}.Release|Any CPU.ActiveCfg = Release|Any CPU
		{F9FB7A35-560A-441B-80CE-F467D73460AA}.Release|Any CPU.Build.0 = Release|Any CPU
	EndGlobalSection
	GlobalSection(SolutionProperties) = preSolution
		HideSolutionNode = FALSE
	EndGlobalSection
	GlobalSection(ExtensibilityGlobals) = postSolution
		SolutionGuid = {8AE7E34D-4B9A-4367-A5B4-9FE28FCC8557}
	EndGlobalSection
EndGlobal
